{
  "als_interactions@v1": "9fb41c13f9085e3417bec6c8ec92c63a2d7cfae19b9139a641d3988cc17d62c4",
  "item_attributes@v1": "d50a0e9050bd3b4887c23410555141a6b1819a486ece056a01b13a6538914973",
  "item_popularity@v1": "82c2553922a7a9cdf5f687e0bfcd8490d58bf396f3e708cb6b795a2eec5611bb",
  "rank_training@v1": "0267115e201624ed8bec8727736cb68f856380cf0bf8ab9fd564c9521d0a4957",
  "user_activity@v2": "42c558cb157006b59a220575b87f59caf88daa782d174f61417aab1fd97fbc63",
  "user_preferences@v1": "6496878c68949294c088032e7384ba5ba7d849d42ad49cb7e3de2593bc7862bb"
}
